
Microsoft Visual Studio Solution File, Format Version 12.00
# Visual Studio Version 17
VisualStudioVersion = 17.0.31919.166
MinimumVisualStudioVersion = 10.0.40219.1
Project("{FAE04EC0-301F-11D3-BF4B-00C04F79EFBC}") = "WinFormsApp1", "WinFormsApp1\WinFormsApp1.csproj", "{EFB3EA55-7D43-427F-9E2E-9228221E3DD3}"
EndProject
Global
	GlobalSection(SolutionConfigurationPlatforms) = preSolution
		Debug|Any CPU = Debug|Any CPU
		Release|Any CPU = Release|Any CPU
	EndGlobalSection
	GlobalSection(ProjectConfigurationPlatforms) = postSolution
		{EFB3EA55-7D43-427F-9E2E-9228221E3DD3}.Debug|Any CPU.ActiveCfg = Debug|Any CPU
		{EFB3EA55-7D43-427F-9E2E-9228221E3DD3}.Debug|Any CPU.Build.0 = Debug|Any CPU
		{EFB3EA55-7D43-427F-9E2E-9228221E3DD3}.Release|Any CPU.ActiveCfg = Release|Any CPU
		{EFB3EA55-7D43-427F-9E2E-9228221E3DD3}.Release|Any CPU.Build.0 = Release|Any CPU
	EndGlobalSection
	GlobalSection(SolutionProperties) = preSolution
		HideSolutionNode = FALSE
	EndGlobalSection
	GlobalSection(ExtensibilityGlobals) = postSolution
		SolutionGuid = {B0FB2D88-5763-459D-A49B-5EEDAF37E05D}
	EndGlobalSection
EndGlobal
